
Microsoft Visual Studio Solution File, Format Version 12.00
# Visual Studio Version 16
VisualStudioVersion = 16.0.29411.108
MinimumVisualStudioVersion = 10.0.40219.1
Project("{FAE04EC0-301F-11D3-BF4B-00C04F79EFBC}") = "ECOS2018", "ECOS2018\ECOS2018.csproj", "{D6CBD4DE-8CAE-4220-AE0E-7B61694F9622}"
EndProject
Project("{9A19103F-16F7-4668-BE54-9A1E7A4F7556}") = "AdamMSc2020", "AdamMSc2020\AdamMSc2020.csproj", "{5DC0C1D9-A856-47D4-AE40-8EDDAC393D3E}"
EndProject
Project("{D954291E-2A0B-460D-934E-DC6B0785DB48}") = "EhubMisc", "EhubMisc\EhubMisc.shproj", "{CDD8E35A-FBE9-4E56-991F-12DD33803882}"
EndProject
Project("{9A19103F-16F7-4668-BE54-9A1E7A4F7556}") = "CISBAT21", "CISBAT21\CISBAT21.csproj", "{90D49203-2EF1-46D2-AC55-025C3CCBB99D}"
EndProject
Project("{9A19103F-16F7-4668-BE54-9A1E7A4F7556}") = "EhubExamples", "EhubExamples\EhubExamples.csproj", "{049A92A0-7C08-4EB0-BF6B-93B921C7F8DD}"
EndProject
Project("{9A19103F-16F7-4668-BE54-9A1E7A4F7556}") = "SBE22MultiPeriodPV", "SBE22MultiPeriodPV\SBE22MultiPeriodPV.csproj", "{C1D850A6-AE27-46DB-BD76-F183264B147D}"
EndProject
Global
	GlobalSection(SharedMSBuildProjectFiles) = preSolution
		EhubMisc\EhubMisc.projitems*{049a92a0-7c08-4eb0-bf6b-93b921c7f8dd}*SharedItemsImports = 5
		EhubMisc\EhubMisc.projitems*{5dc0c1d9-a856-47d4-ae40-8eddac393d3e}*SharedItemsImports = 5
		EhubMisc\EhubMisc.projitems*{90d49203-2ef1-46d2-ac55-025c3ccbb99d}*SharedItemsImports = 5
		EhubMisc\EhubMisc.projitems*{c1d850a6-ae27-46db-bd76-f183264b147d}*SharedItemsImports = 5
		EhubMisc\EhubMisc.projitems*{cdd8e35a-fbe9-4e56-991f-12dd33803882}*SharedItemsImports = 13
		EhubMisc\EhubMisc.projitems*{d6cbd4de-8cae-4220-ae0e-7b61694f9622}*SharedItemsImports = 4
	EndGlobalSection
	GlobalSection(SolutionConfigurationPlatforms) = preSolution
		Debug|Any CPU = Debug|Any CPU
		Release|Any CPU = Release|Any CPU
	EndGlobalSection
	GlobalSection(ProjectConfigurationPlatforms) = postSolution
		{D6CBD4DE-8CAE-4220-AE0E-7B61694F9622}.Debug|Any CPU.ActiveCfg = Debug|Any CPU
		{D6CBD4DE-8CAE-4220-AE0E-7B61694F9622}.Debug|Any CPU.Build.0 = Debug|Any CPU
		{D6CBD4DE-8CAE-4220-AE0E-7B61694F9622}.Release|Any CPU.ActiveCfg = Release|Any CPU
		{D6CBD4DE-8CAE-4220-AE0E-7B61694F9622}.Release|Any CPU.Build.0 = Release|Any CPU
		{5DC0C1D9-A856-47D4-AE40-8EDDAC393D3E}.Debug|Any CPU.ActiveCfg = Debug|Any CPU
		{5DC0C1D9-A856-47D4-AE40-8EDDAC393D3E}.Debug|Any CPU.Build.0 = Debug|Any CPU
		{5DC0C1D9-A856-47D4-AE40-8EDDAC393D3E}.Release|Any CPU.ActiveCfg = Release|Any CPU
		{5DC0C1D9-A856-47D4-AE40-8EDDAC393D3E}.Release|Any CPU.Build.0 = Release|Any CPU
		{90D49203-2EF1-46D2-AC55-025C3CCBB99D}.Debug|Any CPU.ActiveCfg = Debug|Any CPU
		{90D49203-2EF1-46D2-AC55-025C3CCBB99D}.Debug|Any CPU.Build.0 = Debug|Any CPU
		{90D49203-2EF1-46D2-AC55-025C3CCBB99D}.Release|Any CPU.ActiveCfg = Release|Any CPU
		{90D49203-2EF1-46D2-AC55-025C3CCBB99D}.Release|Any CPU.Build.0 = Release|Any CPU
		{049A92A0-7C08-4EB0-BF6B-93B921C7F8DD}.Debug|Any CPU.ActiveCfg = Debug|Any CPU
		{049A92A0-7C08-4EB0-BF6B-93B921C7F8DD}.Debug|Any CPU.Build.0 = Debug|Any CPU
		{049A92A0-7C08-4EB0-BF6B-93B921C7F8DD}.Release|Any CPU.ActiveCfg = Release|Any CPU
		{049A92A0-7C08-4EB0-BF6B-93B921C7F8DD}.Release|Any CPU.Build.0 = Release|Any CPU
		{C1D850A6-AE27-46DB-BD76-F183264B147D}.Debug|Any CPU.ActiveCfg = Debug|Any CPU
		{C1D850A6-AE27-46DB-BD76-F183264B147D}.Debug|Any CPU.Build.0 = Debug|Any CPU
		{C1D850A6-AE27-46DB-BD76-F183264B147D}.Release|Any CPU.ActiveCfg = Release|Any CPU
		{C1D850A6-AE27-46DB-BD76-F183264B147D}.Release|Any CPU.Build.0 = Release|Any CPU
	EndGlobalSection
	GlobalSection(SolutionProperties) = preSolution
		HideSolutionNode = FALSE
	EndGlobalSection
	GlobalSection(ExtensibilityGlobals) = postSolution
		SolutionGuid = {52D38873-D851-4E68-8F9D-8A0FC2520F55}
	EndGlobalSection
EndGlobal
