
Microsoft Visual Studio Solution File, Format Version 12.00
# Visual Studio Express 2012 for Windows Desktop
Project("{FAE04EC0-301F-11D3-BF4B-00C04F79EFBC}") = "Cplex_ECOS2018", "Cplex_ECOS2018\Cplex_ECOS2018.csproj", "{D6CBD4DE-8CAE-4220-AE0E-7B61694F9622}"
EndProject
Global
	GlobalSection(SolutionConfigurationPlatforms) = preSolution
		Debug|Any CPU = Debug|Any CPU
		Release|Any CPU = Release|Any CPU
	EndGlobalSection
	GlobalSection(ProjectConfigurationPlatforms) = postSolution
		{D6CBD4DE-8CAE-4220-AE0E-7B61694F9622}.Debug|Any CPU.ActiveCfg = Debug|Any CPU
		{D6CBD4DE-8CAE-4220-AE0E-7B61694F9622}.Debug|Any CPU.Build.0 = Debug|Any CPU
		{D6CBD4DE-8CAE-4220-AE0E-7B61694F9622}.Release|Any CPU.ActiveCfg = Release|Any CPU
		{D6CBD4DE-8CAE-4220-AE0E-7B61694F9622}.Release|Any CPU.Build.0 = Release|Any CPU
	EndGlobalSection
	GlobalSection(SolutionProperties) = preSolution
		HideSolutionNode = FALSE
	EndGlobalSection
EndGlobal
